
Microsoft Visual Studio Solution File, Format Version 12.00
# Visual Studio Version 17
VisualStudioVersion = 17.9.34701.34
MinimumVisualStudioVersion = 10.0.40219.1
Project("{9A19103F-16F7-4668-BE54-9A1E7A4F7556}") = "Aria2.Client", "src\Aria2.Client\Aria2.Client.csproj", "{7E181B07-BFF1-4190-AC84-8D4312B685F1}"
EndProject
Project("{9A19103F-16F7-4668-BE54-9A1E7A4F7556}") = "Aria2.Console", "src\Aria2.Console\Aria2.Console.csproj", "{11E0546A-848B-4CBE-A6A5-76F58F42BAA7}"
EndProject
Project("{9A19103F-16F7-4668-BE54-9A1E7A4F7556}") = "Aria2.Net", "src\Aria2.Net\Aria2.Net.csproj", "{95B65BA2-9D42-48DB-9B11-553211DF3202}"
EndProject
Project("{9A19103F-16F7-4668-BE54-9A1E7A4F7556}") = "Aria2.Test", "src\Aria2.Test\Aria2.Test.csproj", "{2DACF430-F20A-4246-A1CA-646CA5820B6D}"
EndProject
Project("{2150E333-8FDC-42A3-9474-1A3956D46DE8}") = "BTSearch", "BTSearch", "{05885A1D-5271-4061-A459-2A2F76BECC7E}"
EndProject
Project("{9A19103F-16F7-4668-BE54-9A1E7A4F7556}") = "IBtSearch", "src\IBtSearch\IBtSearch.csproj", "{D8ECE7D1-BF86-43EF-917A-8445E4C0FE48}"
EndProject
Project("{9A19103F-16F7-4668-BE54-9A1E7A4F7556}") = "BtSearch.Fitgril", "src\BtSearchs\BtSearch.Fitgril\BtSearch.Fitgril.csproj", "{3D4FE130-DACE-40BB-B287-C3934814CC2E}"
EndProject
Project("{9A19103F-16F7-4668-BE54-9A1E7A4F7556}") = "BTSearch.1337X", "src\BtSearchs\BTSearch.1337X\BTSearch.1337X.csproj", "{FBA827D4-06D0-43D6-A66B-1B1F4A2BF027}"
EndProject
Project("{2150E333-8FDC-42A3-9474-1A3956D46DE8}") = "docs", "docs", "{ADF11C56-13CA-4799-87E8-DBE12BE10FAC}"
	ProjectSection(SolutionItems) = preProject
		docs\Plugins.md = docs\Plugins.md
	EndProjectSection
EndProject
Project("{9A19103F-16F7-4668-BE54-9A1E7A4F7556}") = "BtSearch.Loader", "BtSearch.Loader\BtSearch.Loader.csproj", "{52E74FF2-EC20-4ED3-B30F-4476A8F0EB91}"
EndProject
Project("{2150E333-8FDC-42A3-9474-1A3956D46DE8}") = "Simple", "Simple", "{A45CC9DA-057C-414B-8559-6C45641F1D1F}"
EndProject
Project("{2150E333-8FDC-42A3-9474-1A3956D46DE8}") = "1337XSimple", "1337XSimple", "{03ADB9C3-DDB7-438E-84FF-66D778F34D62}"
	ProjectSection(SolutionItems) = preProject
		Simpe\1337XSimple\1337XHost.xml = Simpe\1337XSimple\1337XHost.xml
		Simpe\1337XSimple\Public.xml = Simpe\1337XSimple\Public.xml
	EndProjectSection
EndProject
Project("{9A19103F-16F7-4668-BE54-9A1E7A4F7556}") = "BTSearch.Mikanime", "BTSearch.Mikanime\BTSearch.Mikanime.csproj", "{A65F20F0-EBB4-4E6F-B34E-99FAE3FA4813}"
EndProject
Global
	GlobalSection(SolutionConfigurationPlatforms) = preSolution
		Debug|Any CPU = Debug|Any CPU
		Debug|ARM64 = Debug|ARM64
		Debug|x64 = Debug|x64
		Debug|x86 = Debug|x86
		Release|Any CPU = Release|Any CPU
		Release|ARM64 = Release|ARM64
		Release|x64 = Release|x64
		Release|x86 = Release|x86
	EndGlobalSection
	GlobalSection(ProjectConfigurationPlatforms) = postSolution
		{7E181B07-BFF1-4190-AC84-8D4312B685F1}.Debug|Any CPU.ActiveCfg = Debug|x64
		{7E181B07-BFF1-4190-AC84-8D4312B685F1}.Debug|Any CPU.Build.0 = Debug|x64
		{7E181B07-BFF1-4190-AC84-8D4312B685F1}.Debug|Any CPU.Deploy.0 = Debug|x64
		{7E181B07-BFF1-4190-AC84-8D4312B685F1}.Debug|ARM64.ActiveCfg = Debug|ARM64
		{7E181B07-BFF1-4190-AC84-8D4312B685F1}.Debug|ARM64.Build.0 = Debug|ARM64
		{7E181B07-BFF1-4190-AC84-8D4312B685F1}.Debug|ARM64.Deploy.0 = Debug|ARM64
		{7E181B07-BFF1-4190-AC84-8D4312B685F1}.Debug|x64.ActiveCfg = Debug|x64
		{7E181B07-BFF1-4190-AC84-8D4312B685F1}.Debug|x64.Build.0 = Debug|x64
		{7E181B07-BFF1-4190-AC84-8D4312B685F1}.Debug|x64.Deploy.0 = Debug|x64
		{7E181B07-BFF1-4190-AC84-8D4312B685F1}.Debug|x86.ActiveCfg = Debug|x86
		{7E181B07-BFF1-4190-AC84-8D4312B685F1}.Debug|x86.Build.0 = Debug|x86
		{7E181B07-BFF1-4190-AC84-8D4312B685F1}.Debug|x86.Deploy.0 = Debug|x86
		{7E181B07-BFF1-4190-AC84-8D4312B685F1}.Release|Any CPU.ActiveCfg = Release|x64
		{7E181B07-BFF1-4190-AC84-8D4312B685F1}.Release|Any CPU.Build.0 = Release|x64
		{7E181B07-BFF1-4190-AC84-8D4312B685F1}.Release|Any CPU.Deploy.0 = Release|x64
		{7E181B07-BFF1-4190-AC84-8D4312B685F1}.Release|ARM64.ActiveCfg = Release|ARM64
		{7E181B07-BFF1-4190-AC84-8D4312B685F1}.Release|ARM64.Build.0 = Release|ARM64
		{7E181B07-BFF1-4190-AC84-8D4312B685F1}.Release|ARM64.Deploy.0 = Release|ARM64
		{7E181B07-BFF1-4190-AC84-8D4312B685F1}.Release|x64.ActiveCfg = Release|x64
		{7E181B07-BFF1-4190-AC84-8D4312B685F1}.Release|x64.Build.0 = Release|x64
		{7E181B07-BFF1-4190-AC84-8D4312B685F1}.Release|x64.Deploy.0 = Release|x64
		{7E181B07-BFF1-4190-AC84-8D4312B685F1}.Release|x86.ActiveCfg = Release|x86
		{7E181B07-BFF1-4190-AC84-8D4312B685F1}.Release|x86.Build.0 = Release|x86
		{7E181B07-BFF1-4190-AC84-8D4312B685F1}.Release|x86.Deploy.0 = Release|x86
		{11E0546A-848B-4CBE-A6A5-76F58F42BAA7}.Debug|Any CPU.ActiveCfg = Debug|Any CPU
		{11E0546A-848B-4CBE-A6A5-76F58F42BAA7}.Debug|Any CPU.Build.0 = Debug|Any CPU
		{11E0546A-848B-4CBE-A6A5-76F58F42BAA7}.Debug|ARM64.ActiveCfg = Debug|Any CPU
		{11E0546A-848B-4CBE-A6A5-76F58F42BAA7}.Debug|ARM64.Build.0 = Debug|Any CPU
		{11E0546A-848B-4CBE-A6A5-76F58F42BAA7}.Debug|x64.ActiveCfg = Debug|Any CPU
		{11E0546A-848B-4CBE-A6A5-76F58F42BAA7}.Debug|x64.Build.0 = Debug|Any CPU
		{11E0546A-848B-4CBE-A6A5-76F58F42BAA7}.Debug|x86.ActiveCfg = Debug|Any CPU
		{11E0546A-848B-4CBE-A6A5-76F58F42BAA7}.Debug|x86.Build.0 = Debug|Any CPU
		{11E0546A-848B-4CBE-A6A5-76F58F42BAA7}.Release|Any CPU.ActiveCfg = Release|Any CPU
		{11E0546A-848B-4CBE-A6A5-76F58F42BAA7}.Release|Any CPU.Build.0 = Release|Any CPU
		{11E0546A-848B-4CBE-A6A5-76F58F42BAA7}.Release|ARM64.ActiveCfg = Release|Any CPU
		{11E0546A-848B-4CBE-A6A5-76F58F42BAA7}.Release|ARM64.Build.0 = Release|Any CPU
		{11E0546A-848B-4CBE-A6A5-76F58F42BAA7}.Release|x64.ActiveCfg = Release|Any CPU
		{11E0546A-848B-4CBE-A6A5-76F58F42BAA7}.Release|x64.Build.0 = Release|Any CPU
		{11E0546A-848B-4CBE-A6A5-76F58F42BAA7}.Release|x86.ActiveCfg = Release|Any CPU
		{11E0546A-848B-4CBE-A6A5-76F58F42BAA7}.Release|x86.Build.0 = Release|Any CPU
		{95B65BA2-9D42-48DB-9B11-553211DF3202}.Debug|Any CPU.ActiveCfg = Debug|Any CPU
		{95B65BA2-9D42-48DB-9B11-553211DF3202}.Debug|Any CPU.Build.0 = Debug|Any CPU
		{95B65BA2-9D42-48DB-9B11-553211DF3202}.Debug|ARM64.ActiveCfg = Debug|Any CPU
		{95B65BA2-9D42-48DB-9B11-553211DF3202}.Debug|ARM64.Build.0 = Debug|Any CPU
		{95B65BA2-9D42-48DB-9B11-553211DF3202}.Debug|x64.ActiveCfg = Debug|Any CPU
		{95B65BA2-9D42-48DB-9B11-553211DF3202}.Debug|x64.Build.0 = Debug|Any CPU
		{95B65BA2-9D42-48DB-9B11-553211DF3202}.Debug|x86.ActiveCfg = Debug|Any CPU
		{95B65BA2-9D42-48DB-9B11-553211DF3202}.Debug|x86.Build.0 = Debug|Any CPU
		{95B65BA2-9D42-48DB-9B11-553211DF3202}.Release|Any CPU.ActiveCfg = Release|Any CPU
		{95B65BA2-9D42-48DB-9B11-553211DF3202}.Release|Any CPU.Build.0 = Release|Any CPU
		{95B65BA2-9D42-48DB-9B11-553211DF3202}.Release|ARM64.ActiveCfg = Release|Any CPU
		{95B65BA2-9D42-48DB-9B11-553211DF3202}.Release|ARM64.Build.0 = Release|Any CPU
		{95B65BA2-9D42-48DB-9B11-553211DF3202}.Release|x64.ActiveCfg = Release|Any CPU
		{95B65BA2-9D42-48DB-9B11-553211DF3202}.Release|x64.Build.0 = Release|Any CPU
		{95B65BA2-9D42-48DB-9B11-553211DF3202}.Release|x86.ActiveCfg = Release|Any CPU
		{95B65BA2-9D42-48DB-9B11-553211DF3202}.Release|x86.Build.0 = Release|Any CPU
		{2DACF430-F20A-4246-A1CA-646CA5820B6D}.Debug|Any CPU.ActiveCfg = Debug|Any CPU
		{2DACF430-F20A-4246-A1CA-646CA5820B6D}.Debug|Any CPU.Build.0 = Debug|Any CPU
		{2DACF430-F20A-4246-A1CA-646CA5820B6D}.Debug|ARM64.ActiveCfg = Debug|Any CPU
		{2DACF430-F20A-4246-A1CA-646CA5820B6D}.Debug|ARM64.Build.0 = Debug|Any CPU
		{2DACF430-F20A-4246-A1CA-646CA5820B6D}.Debug|x64.ActiveCfg = Debug|Any CPU
		{2DACF430-F20A-4246-A1CA-646CA5820B6D}.Debug|x64.Build.0 = Debug|Any CPU
		{2DACF430-F20A-4246-A1CA-646CA5820B6D}.Debug|x86.ActiveCfg = Debug|Any CPU
		{2DACF430-F20A-4246-A1CA-646CA5820B6D}.Debug|x86.Build.0 = Debug|Any CPU
		{2DACF430-F20A-4246-A1CA-646CA5820B6D}.Release|Any CPU.ActiveCfg = Release|Any CPU
		{2DACF430-F20A-4246-A1CA-646CA5820B6D}.Release|Any CPU.Build.0 = Release|Any CPU
		{2DACF430-F20A-4246-A1CA-646CA5820B6D}.Release|ARM64.ActiveCfg = Release|Any CPU
		{2DACF430-F20A-4246-A1CA-646CA5820B6D}.Release|ARM64.Build.0 = Release|Any CPU
		{2DACF430-F20A-4246-A1CA-646CA5820B6D}.Release|x64.ActiveCfg = Release|Any CPU
		{2DACF430-F20A-4246-A1CA-646CA5820B6D}.Release|x64.Build.0 = Release|Any CPU
		{2DACF430-F20A-4246-A1CA-646CA5820B6D}.Release|x86.ActiveCfg = Release|Any CPU
		{2DACF430-F20A-4246-A1CA-646CA5820B6D}.Release|x86.Build.0 = Release|Any CPU
		{D8ECE7D1-BF86-43EF-917A-8445E4C0FE48}.Debug|Any CPU.ActiveCfg = Debug|Any CPU
		{D8ECE7D1-BF86-43EF-917A-8445E4C0FE48}.Debug|Any CPU.Build.0 = Debug|Any CPU
		{D8ECE7D1-BF86-43EF-917A-8445E4C0FE48}.Debug|ARM64.ActiveCfg = Debug|Any CPU
		{D8ECE7D1-BF86-43EF-917A-8445E4C0FE48}.Debug|ARM64.Build.0 = Debug|Any CPU
		{D8ECE7D1-BF86-43EF-917A-8445E4C0FE48}.Debug|x64.ActiveCfg = Debug|Any CPU
		{D8ECE7D1-BF86-43EF-917A-8445E4C0FE48}.Debug|x64.Build.0 = Debug|Any CPU
		{D8ECE7D1-BF86-43EF-917A-8445E4C0FE48}.Debug|x86.ActiveCfg = Debug|Any CPU
		{D8ECE7D1-BF86-43EF-917A-8445E4C0FE48}.Debug|x86.Build.0 = Debug|Any CPU
		{D8ECE7D1-BF86-43EF-917A-8445E4C0FE48}.Release|Any CPU.ActiveCfg = Release|Any CPU
		{D8ECE7D1-BF86-43EF-917A-8445E4C0FE48}.Release|Any CPU.Build.0 = Release|Any CPU
		{D8ECE7D1-BF86-43EF-917A-8445E4C0FE48}.Release|ARM64.ActiveCfg = Release|Any CPU
		{D8ECE7D1-BF86-43EF-917A-8445E4C0FE48}.Release|ARM64.Build.0 = Release|Any CPU
		{D8ECE7D1-BF86-43EF-917A-8445E4C0FE48}.Release|x64.ActiveCfg = Release|Any CPU
		{D8ECE7D1-BF86-43EF-917A-8445E4C0FE48}.Release|x64.Build.0 = Release|Any CPU
		{D8ECE7D1-BF86-43EF-917A-8445E4C0FE48}.Release|x86.ActiveCfg = Release|Any CPU
		{D8ECE7D1-BF86-43EF-917A-8445E4C0FE48}.Release|x86.Build.0 = Release|Any CPU
		{3D4FE130-DACE-40BB-B287-C3934814CC2E}.Debug|Any CPU.ActiveCfg = Release|Any CPU
		{3D4FE130-DACE-40BB-B287-C3934814CC2E}.Debug|Any CPU.Build.0 = Release|Any CPU
		{3D4FE130-DACE-40BB-B287-C3934814CC2E}.Debug|ARM64.ActiveCfg = Debug|Any CPU
		{3D4FE130-DACE-40BB-B287-C3934814CC2E}.Debug|ARM64.Build.0 = Debug|Any CPU
		{3D4FE130-DACE-40BB-B287-C3934814CC2E}.Debug|x64.ActiveCfg = Debug|Any CPU
		{3D4FE130-DACE-40BB-B287-C3934814CC2E}.Debug|x64.Build.0 = Debug|Any CPU
		{3D4FE130-DACE-40BB-B287-C3934814CC2E}.Debug|x86.ActiveCfg = Debug|Any CPU
		{3D4FE130-DACE-40BB-B287-C3934814CC2E}.Debug|x86.Build.0 = Debug|Any CPU
		{3D4FE130-DACE-40BB-B287-C3934814CC2E}.Release|Any CPU.ActiveCfg = Release|Any CPU
		{3D4FE130-DACE-40BB-B287-C3934814CC2E}.Release|Any CPU.Build.0 = Release|Any CPU
		{3D4FE130-DACE-40BB-B287-C3934814CC2E}.Release|ARM64.ActiveCfg = Release|Any CPU
		{3D4FE130-DACE-40BB-B287-C3934814CC2E}.Release|ARM64.Build.0 = Release|Any CPU
		{3D4FE130-DACE-40BB-B287-C3934814CC2E}.Release|x64.ActiveCfg = Release|Any CPU
		{3D4FE130-DACE-40BB-B287-C3934814CC2E}.Release|x64.Build.0 = Release|Any CPU
		{3D4FE130-DACE-40BB-B287-C3934814CC2E}.Release|x86.ActiveCfg = Release|Any CPU
		{3D4FE130-DACE-40BB-B287-C3934814CC2E}.Release|x86.Build.0 = Release|Any CPU
		{FBA827D4-06D0-43D6-A66B-1B1F4A2BF027}.Debug|Any CPU.ActiveCfg = Release|Any CPU
		{FBA827D4-06D0-43D6-A66B-1B1F4A2BF027}.Debug|Any CPU.Build.0 = Release|Any CPU
		{FBA827D4-06D0-43D6-A66B-1B1F4A2BF027}.Debug|ARM64.ActiveCfg = Debug|Any CPU
		{FBA827D4-06D0-43D6-A66B-1B1F4A2BF027}.Debug|ARM64.Build.0 = Debug|Any CPU
		{FBA827D4-06D0-43D6-A66B-1B1F4A2BF027}.Debug|x64.ActiveCfg = Debug|Any CPU
		{FBA827D4-06D0-43D6-A66B-1B1F4A2BF027}.Debug|x64.Build.0 = Debug|Any CPU
		{FBA827D4-06D0-43D6-A66B-1B1F4A2BF027}.Debug|x86.ActiveCfg = Debug|Any CPU
		{FBA827D4-06D0-43D6-A66B-1B1F4A2BF027}.Debug|x86.Build.0 = Debug|Any CPU
		{FBA827D4-06D0-43D6-A66B-1B1F4A2BF027}.Release|Any CPU.ActiveCfg = Release|Any CPU
		{FBA827D4-06D0-43D6-A66B-1B1F4A2BF027}.Release|Any CPU.Build.0 = Release|Any CPU
		{FBA827D4-06D0-43D6-A66B-1B1F4A2BF027}.Release|ARM64.ActiveCfg = Release|Any CPU
		{FBA827D4-06D0-43D6-A66B-1B1F4A2BF027}.Release|ARM64.Build.0 = Release|Any CPU
		{FBA827D4-06D0-43D6-A66B-1B1F4A2BF027}.Release|x64.ActiveCfg = Release|Any CPU
		{FBA827D4-06D0-43D6-A66B-1B1F4A2BF027}.Release|x64.Build.0 = Release|Any CPU
		{FBA827D4-06D0-43D6-A66B-1B1F4A2BF027}.Release|x86.ActiveCfg = Release|Any CPU
		{FBA827D4-06D0-43D6-A66B-1B1F4A2BF027}.Release|x86.Build.0 = Release|Any CPU
		{52E74FF2-EC20-4ED3-B30F-4476A8F0EB91}.Debug|Any CPU.ActiveCfg = Debug|Any CPU
		{52E74FF2-EC20-4ED3-B30F-4476A8F0EB91}.Debug|Any CPU.Build.0 = Debug|Any CPU
		{52E74FF2-EC20-4ED3-B30F-4476A8F0EB91}.Debug|ARM64.ActiveCfg = Debug|Any CPU
		{52E74FF2-EC20-4ED3-B30F-4476A8F0EB91}.Debug|ARM64.Build.0 = Debug|Any CPU
		{52E74FF2-EC20-4ED3-B30F-4476A8F0EB91}.Debug|x64.ActiveCfg = Debug|Any CPU
		{52E74FF2-EC20-4ED3-B30F-4476A8F0EB91}.Debug|x64.Build.0 = Debug|Any CPU
		{52E74FF2-EC20-4ED3-B30F-4476A8F0EB91}.Debug|x86.ActiveCfg = Debug|Any CPU
		{52E74FF2-EC20-4ED3-B30F-4476A8F0EB91}.Debug|x86.Build.0 = Debug|Any CPU
		{52E74FF2-EC20-4ED3-B30F-4476A8F0EB91}.Release|Any CPU.ActiveCfg = Release|Any CPU
		{52E74FF2-EC20-4ED3-B30F-4476A8F0EB91}.Release|Any CPU.Build.0 = Release|Any CPU
		{52E74FF2-EC20-4ED3-B30F-4476A8F0EB91}.Release|ARM64.ActiveCfg = Release|Any CPU
		{52E74FF2-EC20-4ED3-B30F-4476A8F0EB91}.Release|ARM64.Build.0 = Release|Any CPU
		{52E74FF2-EC20-4ED3-B30F-4476A8F0EB91}.Release|x64.ActiveCfg = Release|Any CPU
		{52E74FF2-EC20-4ED3-B30F-4476A8F0EB91}.Release|x64.Build.0 = Release|Any CPU
		{52E74FF2-EC20-4ED3-B30F-4476A8F0EB91}.Release|x86.ActiveCfg = Release|Any CPU
		{52E74FF2-EC20-4ED3-B30F-4476A8F0EB91}.Release|x86.Build.0 = Release|Any CPU
		{A65F20F0-EBB4-4E6F-B34E-99FAE3FA4813}.Debug|Any CPU.ActiveCfg = Release|Any CPU
		{A65F20F0-EBB4-4E6F-B34E-99FAE3FA4813}.Debug|Any CPU.Build.0 = Release|Any CPU
		{A65F20F0-EBB4-4E6F-B34E-99FAE3FA4813}.Debug|ARM64.ActiveCfg = Debug|Any CPU
		{A65F20F0-EBB4-4E6F-B34E-99FAE3FA4813}.Debug|ARM64.Build.0 = Debug|Any CPU
		{A65F20F0-EBB4-4E6F-B34E-99FAE3FA4813}.Debug|x64.ActiveCfg = Debug|Any CPU
		{A65F20F0-EBB4-4E6F-B34E-99FAE3FA4813}.Debug|x64.Build.0 = Debug|Any CPU
		{A65F20F0-EBB4-4E6F-B34E-99FAE3FA4813}.Debug|x86.ActiveCfg = Debug|Any CPU
		{A65F20F0-EBB4-4E6F-B34E-99FAE3FA4813}.Debug|x86.Build.0 = Debug|Any CPU
		{A65F20F0-EBB4-4E6F-B34E-99FAE3FA4813}.Release|Any CPU.ActiveCfg = Release|Any CPU
		{A65F20F0-EBB4-4E6F-B34E-99FAE3FA4813}.Release|Any CPU.Build.0 = Release|Any CPU
		{A65F20F0-EBB4-4E6F-B34E-99FAE3FA4813}.Release|ARM64.ActiveCfg = Release|Any CPU
		{A65F20F0-EBB4-4E6F-B34E-99FAE3FA4813}.Release|ARM64.Build.0 = Release|Any CPU
		{A65F20F0-EBB4-4E6F-B34E-99FAE3FA4813}.Release|x64.ActiveCfg = Release|Any CPU
		{A65F20F0-EBB4-4E6F-B34E-99FAE3FA4813}.Release|x64.Build.0 = Release|Any CPU
		{A65F20F0-EBB4-4E6F-B34E-99FAE3FA4813}.Release|x86.ActiveCfg = Release|Any CPU
		{A65F20F0-EBB4-4E6F-B34E-99FAE3FA4813}.Release|x86.Build.0 = Release|Any CPU
	EndGlobalSection
	GlobalSection(SolutionProperties) = preSolution
		HideSolutionNode = FALSE
	EndGlobalSection
	GlobalSection(NestedProjects) = preSolution
		{D8ECE7D1-BF86-43EF-917A-8445E4C0FE48} = {05885A1D-5271-4061-A459-2A2F76BECC7E}
		{3D4FE130-DACE-40BB-B287-C3934814CC2E} = {05885A1D-5271-4061-A459-2A2F76BECC7E}
		{FBA827D4-06D0-43D6-A66B-1B1F4A2BF027} = {05885A1D-5271-4061-A459-2A2F76BECC7E}
		{52E74FF2-EC20-4ED3-B30F-4476A8F0EB91} = {05885A1D-5271-4061-A459-2A2F76BECC7E}
		{A45CC9DA-057C-414B-8559-6C45641F1D1F} = {05885A1D-5271-4061-A459-2A2F76BECC7E}
		{03ADB9C3-DDB7-438E-84FF-66D778F34D62} = {A45CC9DA-057C-414B-8559-6C45641F1D1F}
		{A65F20F0-EBB4-4E6F-B34E-99FAE3FA4813} = {05885A1D-5271-4061-A459-2A2F76BECC7E}
	EndGlobalSection
	GlobalSection(ExtensibilityGlobals) = postSolution
		SolutionGuid = {7271FED1-336C-46F8-89B8-A19F54C1DBC5}
	EndGlobalSection
EndGlobal
